<?xml version="1.0" encoding="utf-8"?>
<Project ToolsVersion="4.0" xmlns="http://schemas.microsoft.com/developer/msbuild/2003">
  <ItemGroup>
    <Filter Include="Source Files">
      <UniqueIdentifier>{4FC737F1-C7A5-4376-A066-2A32D752A2FF}</UniqueIdentifier>
      <Extensions>cpp;c;cc;cxx;c++;cppm;ixx;def;odl;idl;hpj;bat;asm;asmx</Extensions>
    </Filter>
    <Filter Include="Header Files">
      <UniqueIdentifier>{70725d9f-1e21-48d9-ad02-3bbc3c826268}</UniqueIdentifier>
      <Extensions>h;hpp;hxx;hm;inl</Extensions>
    </Filter>
    <Filter Include="Source Files\cs2_sdk">
      <UniqueIdentifier>{65f1f5a2-6411-4f21-9255-37d1b9e5b449}</UniqueIdentifier>
    </Filter>
    <Filter Include="Header Files\cs2_sdk">
      <UniqueIdentifier>{70b0b6c3-5a23-41ae-a865-ed4a40a45e1a}</UniqueIdentifier>
    </Filter>
    <Filter Include="Header Files\cs2_sdk\entity">
      <UniqueIdentifier>{184daee7-8d1e-48eb-9b2c-159792ecff61}</UniqueIdentifier>
    </Filter>
    <Filter Include="Source Files\cs2_sdk\entity">
      <UniqueIdentifier>{9fc03767-0758-4801-8897-99c3cc9e4d11}</UniqueIdentifier>
    </Filter>
    <Filter Include="Source Files\utils">
      <UniqueIdentifier>{2624f39e-713f-414b-be57-1add1cdcaedf}</UniqueIdentifier>
    </Filter>
    <Filter Include="Header Files\utils">
      <UniqueIdentifier>{4e7c9b65-faee-46b5-b610-9717f232a17c}</UniqueIdentifier>
    </Filter>
    <Filter Include="Source Files\sdk">
      <UniqueIdentifier>{e1906f3f-9ee2-40df-a4d2-00ee0358b050}</UniqueIdentifier>
    </Filter>
    <Filter Include="Source Files\protobuf">
      <UniqueIdentifier>{7574cb5e-2839-4759-a10c-0630d8c36b2a}</UniqueIdentifier>
    </Filter>
  </ItemGroup>
  <ItemGroup>
    <ClCompile Include="src\patches.cpp">
      <Filter>Source Files</Filter>
    </ClCompile>
    <ClCompile Include="src\cvars.cpp">
      <Filter>Source Files</Filter>
    </ClCompile>
    <ClCompile Include="src\mempatch.cpp">
      <Filter>Source Files</Filter>
    </ClCompile>
    <ClCompile Include="src\addresses.cpp">
      <Filter>Source Files</Filter>
    </ClCompile>
    <ClCompile Include="src\cs2_sdk\schema.cpp">
      <Filter>Source Files\cs2_sdk</Filter>
    </ClCompile>
    <ClCompile Include="src\cs2fixes.cpp">
      <Filter>Source Files</Filter>
    </ClCompile>
    <ClCompile Include="src\utils\plat_win.cpp">
      <Filter>Source Files\utils</Filter>
    </ClCompile>
    <ClCompile Include="src\utils\plat_unix.cpp">
      <Filter>Source Files\utils</Filter>
    </ClCompile>
    <ClCompile Include="src\commands.cpp">
      <Filter>Source Files</Filter>
    </ClCompile>
    <ClCompile Include="src\ctimer.cpp">
      <Filter>Source Files</Filter>
    </ClCompile>
    <ClCompile Include="src\detours.cpp">
      <Filter>Source Files</Filter>
    </ClCompile>
    <ClCompile Include="src\playermanager.cpp">
      <Filter>Source Files</Filter>
    </ClCompile>
    <ClCompile Include="src\adminsystem.cpp">
      <Filter>Source Files</Filter>
    </ClCompile>
    <ClCompile Include="src\utils\entity.cpp">
      <Filter>Source Files\utils</Filter>
    </ClCompile>
    <ClCompile Include="src\events.cpp">
      <Filter>Source Files</Filter>
    </ClCompile>
    <ClCompile Include="src\gameconfig.cpp">
      <Filter>Source Files</Filter>
    </ClCompile>
    <ClCompile Include="sdk\tier1\convar.cpp">
      <Filter>Source Files\sdk</Filter>
    </ClCompile>
    <ClCompile Include="src\httpmanager.cpp">
      <Filter>Source Files</Filter>
    </ClCompile>
    <ClCompile Include="src\idlemanager.cpp">
      <Filter>Source Files</Filter>
    </ClCompile>
    <ClCompile Include="src\votemanager.cpp">
      <Filter>Source Files</Filter>
    </ClCompile>
    <ClCompile Include="src\discord.cpp">
      <Filter>Source Files</Filter>
    </ClCompile>
    <ClCompile Include="src\map_votes.cpp">
      <Filter>Source Files</Filter>
    </ClCompile>
    <ClCompile Include="src\user_preferences.cpp">
      <Filter>Source Files</Filter>
    </ClCompile>
    <ClCompile Include="sdk\entity2\entitysystem.cpp">
      <Filter>Source Files\sdk</Filter>
    </ClCompile>
    <ClCompile Include="sdk\entity2\entityidentity.cpp">
      <Filter>Source Files\sdk</Filter>
    </ClCompile>
    <ClCompile Include="src\gamesystem.cpp">
      <Filter>Source Files</Filter>
    </ClCompile>
    <ClCompile Include="src\zombiereborn.cpp">
      <Filter>Source Files</Filter>
    </ClCompile>
    <ClCompile Include="src\entitylistener.cpp">
      <Filter>Source Files</Filter>
    </ClCompile>
    <ClCompile Include="src\leader.cpp">
      <Filter>Source Files</Filter>
    </ClCompile>
    <ClCompile Include="sdk\tier1\keyvalues3.cpp">
      <Filter>Source Files\sdk</Filter>
    </ClCompile>
    <ClCompile Include="sdk\entity2\entitykeyvalues.cpp">
      <Filter>Source Files\sdk</Filter>
    </ClCompile>
    <ClCompile Include="src\customio.cpp">
      <Filter>Source Files</Filter>
    </ClCompile>
    <ClCompile Include="src\entities.cpp">
      <Filter>Source Files</Filter>
    </ClCompile>
    <ClCompile Include="src\panoramavote.cpp">
      <Filter>Source Files</Filter>
    </ClCompile>
    <ClCompile Include="protobuf\generated\usermessages.pb.cc">
      <Filter>Source Files\protobuf</Filter>
    </ClCompile>
    <ClCompile Include="protobuf\generated\cs_usercmd.pb.cc">
      <Filter>Source Files\protobuf</Filter>
    </ClCompile>
    <ClCompile Include="protobuf\generated\cstrike15_gcmessages.pb.cc">
      <Filter>Source Files\protobuf</Filter>
    </ClCompile>
    <ClCompile Include="protobuf\generated\cstrike15_usermessages.pb.cc">
      <Filter>Source Files\protobuf</Filter>
    </ClCompile>
    <ClCompile Include="protobuf\generated\engine_gcmessages.pb.cc">
      <Filter>Source Files\protobuf</Filter>
    </ClCompile>
    <ClCompile Include="protobuf\generated\gcsdk_gcmessages.pb.cc">
      <Filter>Source Files\protobuf</Filter>
    </ClCompile>
    <ClCompile Include="protobuf\generated\netmessages.pb.cc">
      <Filter>Source Files\protobuf</Filter>
    </ClCompile>
    <ClCompile Include="protobuf\generated\network_connection.pb.cc">
      <Filter>Source Files\protobuf</Filter>
    </ClCompile>
    <ClCompile Include="protobuf\generated\networkbasetypes.pb.cc">
      <Filter>Source Files\protobuf</Filter>
    </ClCompile>
    <ClCompile Include="protobuf\generated\steammessages.pb.cc">
      <Filter>Source Files\protobuf</Filter>
    </ClCompile>
    <ClCompile Include="protobuf\generated\usercmd.pb.cc">
      <Filter>Source Files\protobuf</Filter>
    </ClCompile>
    <ClCompile Include="sdk\public\tier0\memoverride.cpp">
      <Filter>Source Files\sdk</Filter>
    </ClCompile>
    <ClCompile Include="src\buttonwatch.cpp">
      <Filter>Source Files</Filter>
    </ClCompile>
  </ItemGroup>
  <ItemGroup>
    <ClInclude Include="src\mempatch.h">
      <Filter>Header Files</Filter>
    </ClInclude>
    <ClInclude Include="src\common.h">
      <Filter>Header Files</Filter>
    </ClInclude>
    <ClInclude Include="src\cs2_sdk\entity\cbaseentity.h">
      <Filter>Header Files\cs2_sdk\entity</Filter>
    </ClInclude>
    <ClInclude Include="src\addresses.h">
      <Filter>Header Files</Filter>
    </ClInclude>
    <ClInclude Include="src\utils\module.h">
      <Filter>Header Files\utils</Filter>
    </ClInclude>
    <ClInclude Include="src\utils\virtual.h">
      <Filter>Header Files\utils</Filter>
    </ClInclude>
    <ClInclude Include="src\cs2_sdk\schema.h">
      <Filter>Header Files\cs2_sdk</Filter>
    </ClInclude>
    <ClInclude Include="src\cs2_sdk\entityio.h">
      <Filter>Header Files\cs2_sdk</Filter>
    </ClInclude>
    <ClInclude Include="src\cs2_sdk\entity\cbaseplayercontroller.h">
      <Filter>Header Files\cs2_sdk\entity</Filter>
    </ClInclude>
    <ClInclude Include="src\cs2_sdk\entity\cbaseplayerpawn.h">
      <Filter>Header Files\cs2_sdk\entity</Filter>
    </ClInclude>
    <ClInclude Include="src\cs2_sdk\entity\services.h">
      <Filter>Header Files\cs2_sdk\entity</Filter>
    </ClInclude>
    <ClInclude Include="src\cs2_sdk\entity\ccsplayerpawn.h">
      <Filter>Header Files\cs2_sdk\entity</Filter>
    </ClInclude>
    <ClInclude Include="src\cs2_sdk\entity\ccsplayercontroller.h">
      <Filter>Header Files\cs2_sdk\entity</Filter>
    </ClInclude>
    <ClInclude Include="src\cs2_sdk\entity\ccollisionproperty.h">
      <Filter>Header Files\cs2_sdk\entity</Filter>
    </ClInclude>
    <ClInclude Include="src\cs2_sdk\entity\cbasemodelentity.h">
      <Filter>Header Files\cs2_sdk\entity</Filter>
    </ClInclude>
    <ClInclude Include="src\cs2fixes.h">
      <Filter>Header Files</Filter>
    </ClInclude>
    <ClInclude Include="src\utils\plat.h">
      <Filter>Header Files\utils</Filter>
    </ClInclude>
    <ClInclude Include="src\commands.h">
      <Filter>Header Files</Filter>
    </ClInclude>
    <ClInclude Include="src\cdetour.h">
      <Filter>Header Files</Filter>
    </ClInclude>
    <ClInclude Include="src\ctimer.h">
      <Filter>Header Files</Filter>
    </ClInclude>
    <ClInclude Include="src\detours.h">
      <Filter>Header Files</Filter>
    </ClInclude>
    <ClInclude Include="src\playermanager.h">
      <Filter>Header Files</Filter>
    </ClInclude>
    <ClInclude Include="src\recipientfilters.h">
      <Filter>Header Files</Filter>
    </ClInclude>
    <ClInclude Include="src\adminsystem.h">
      <Filter>Header Files</Filter>
    </ClInclude>
    <ClInclude Include="src\cs2_sdk\entity\ccsweaponbase.h">
      <Filter>Header Files\cs2_sdk\entity</Filter>
    </ClInclude>
    <ClInclude Include="src\eventlistener.h">
      <Filter>Header Files</Filter>
    </ClInclude>
    <ClInclude Include="src\httpmanager.h">
      <Filter>Header Files</Filter>
    </ClInclude>
    <ClInclude Include="src\idlemanager.h">
      <Filter>Header Files</Filter>
    </ClInclude>
    <ClInclude Include="src\votemanager.h">
      <Filter>Header Files</Filter>
    </ClInclude>
    <ClInclude Include="src\zombiereborn.h">
      <Filter>Header Files</Filter>
    </ClInclude>
    <ClInclude Include="src\cs2_sdk\entity\globaltypes.h">
      <Filter>Header Files\cs2_sdk\entity</Filter>
    </ClInclude>
    <ClInclude Include="src\cs2_sdk\entity\cgamerules.h">
      <Filter>Header Files\cs2_sdk\entity</Filter>
    </ClInclude>
    <ClInclude Include="src\utils\entity.h">
      <Filter>Header Files\utils</Filter>
    </ClInclude>
    <ClInclude Include="src\cs2_sdk\entity\ctakedamageinfo.h">
      <Filter>Header Files\cs2_sdk\entity</Filter>
    </ClInclude>
    <ClInclude Include="src\discord.h">
      <Filter>Header Files</Filter>
    </ClInclude>
    <ClInclude Include="src\gamesystem.h">
      <Filter>Header Files</Filter>
    </ClInclude>
    <ClInclude Include="src\gameconfig.h">
      <Filter>Header Files</Filter>
    </ClInclude>
    <ClInclude Include="src\map_votes.h">
      <Filter>Header Files</Filter>
    </ClInclude>
    <ClInclude Include="src\user_preferences.h">
      <Filter>Header Files</Filter>
    </ClInclude>
    <ClInclude Include="src\entitylistener.h">
      <Filter>Header Files</Filter>
    </ClInclude>
    <ClInclude Include="src\leader.h">
      <Filter>Header Files</Filter>
    </ClInclude>
    <ClInclude Include="src\buttonwatch.h">
      <Filter>Header Files</Filter>
    </ClInclude>
    <ClInclude Include="src\cs2_sdk\entity\lights.h">
      <Filter>Header Files\cs2_sdk\entity</Filter>
    </ClInclude>
    <ClInclude Include="src\cs2_sdk\entity\cparticlesystem.h">
      <Filter>Header Files\cs2_sdk\entity</Filter>
    </ClInclude>
    <ClInclude Include="src\cs2_sdk\cschemasystem.h">
      <Filter>Header Files</Filter>
    </ClInclude>
    <ClInclude Include="src\cs2_sdk\entity\cbasetrigger.h">
      <Filter>Header Files\cs2_sdk\entity</Filter>
    </ClInclude>
    <ClInclude Include="src\cs2_sdk\entity\cenventitymaker.h">
      <Filter>Header Files\cs2_sdk\entity</Filter>
    </ClInclude>
    <ClInclude Include="src\cs2_sdk\entity\cphysthruster.h">
      <Filter>Header Files\cs2_sdk\entity</Filter>
    </ClInclude>
    <ClInclude Include="src\cs2_sdk\entity\cteam.h">
      <Filter>Header Files\cs2_sdk\entity</Filter>
    </ClInclude>
    <ClInclude Include="src\cs2_sdk\entity\ctriggerpush.h">
      <Filter>Header Files\cs2_sdk\entity</Filter>
    </ClInclude>
    <ClInclude Include="src\utils\plat_win.h">
      <Filter>Header Files\utils</Filter>
    </ClInclude>
    <ClInclude Include="src\customio.h">
      <Filter>Header Files</Filter>
    </ClInclude>
    <ClInclude Include="src\patches.h">
      <Filter>Header Files</Filter>
    </ClInclude>
    <ClInclude Include="src\serversideclient.h">
      <Filter>Header Files</Filter>
    </ClInclude>
    <ClInclude Include="src\entities.h">
      <Filter>Header Files</Filter>
    </ClInclude>
    <ClInclude Include="src\cs2_sdk\entity\cgameplayerequip.h">
      <Filter>Header Files\cs2_sdk\entity</Filter>
    </ClInclude>
    <ClInclude Include="src\cs2_sdk\entity\clogiccase.h">
      <Filter>Header Files\cs2_sdk\entity</Filter>
    </ClInclude>
    <ClInclude Include="src\panoramavote.h">
      <Filter>Header Files</Filter>
    </ClInclude>
    <ClInclude Include="src\cs2_sdk\entity\cvotecontroller.h">
      <Filter>Header Files\cs2_sdk\entity</Filter>
    </ClInclude>
    <ClInclude Include="src\cs2_sdk\entity\cenvhudhint.h">
      <Filter>Header Files\cs2_sdk\entity</Filter>
    </ClInclude>
    <ClInclude Include="src\cs2_sdk\entity\cpointviewcontrol.h">
      <Filter>Header Files</Filter>
    </ClInclude>
    <ClInclude Include="src\cs2_sdk\entity\ctriggerteleport.h">
      <Filter>Header Files</Filter>
    </ClInclude>
  </ItemGroup>
</Project>